
Microsoft Visual Studio Solution File, Format Version 12.00
# Visual Studio Version 16
VisualStudioVersion = 16.0.28803.352
MinimumVisualStudioVersion = 10.0.40219.1
Project("{FAE04EC0-301F-11D3-BF4B-00C04F79EFBC}") = "LyricQuizBot", "LyricQuizBot\LyricQuizBot.csproj", "{31C1464D-2E9F-48CA-B65D-B29F897A9282}"
EndProject
Project("{FAE04EC0-301F-11D3-BF4B-00C04F79EFBC}") = "AzLyricsSharpApi", "AzLyricsSharpApi\AzLyricsSharpApi.csproj", "{F14A7107-C6DA-4D22-BFB6-2BB49E955A5F}"
EndProject
Global
	GlobalSection(SolutionConfigurationPlatforms) = preSolution
		Debug|Any CPU = Debug|Any CPU
		Release|Any CPU = Release|Any CPU
	EndGlobalSection
	GlobalSection(ProjectConfigurationPlatforms) = postSolution
		{31C1464D-2E9F-48CA-B65D-B29F897A9282}.Debug|Any CPU.ActiveCfg = Debug|Any CPU
		{31C1464D-2E9F-48CA-B65D-B29F897A9282}.Debug|Any CPU.Build.0 = Debug|Any CPU
		{31C1464D-2E9F-48CA-B65D-B29F897A9282}.Release|Any CPU.ActiveCfg = Release|Any CPU
		{31C1464D-2E9F-48CA-B65D-B29F897A9282}.Release|Any CPU.Build.0 = Release|Any CPU
		{F14A7107-C6DA-4D22-BFB6-2BB49E955A5F}.Debug|Any CPU.ActiveCfg = Debug|Any CPU
		{F14A7107-C6DA-4D22-BFB6-2BB49E955A5F}.Debug|Any CPU.Build.0 = Debug|Any CPU
		{F14A7107-C6DA-4D22-BFB6-2BB49E955A5F}.Release|Any CPU.ActiveCfg = Release|Any CPU
		{F14A7107-C6DA-4D22-BFB6-2BB49E955A5F}.Release|Any CPU.Build.0 = Release|Any CPU
	EndGlobalSection
	GlobalSection(SolutionProperties) = preSolution
		HideSolutionNode = FALSE
	EndGlobalSection
	GlobalSection(ExtensibilityGlobals) = postSolution
		SolutionGuid = {E6FD7488-8E54-4686-893B-AC51A0CE77F8}
	EndGlobalSection
EndGlobal
